// !$*UTF8*$!
{
	archiveVersion = 1;
	classes = {
	};
	objectVersion = 50;
	objects = {

/* Begin PBXBuildFile section */
		2C9BE46421183DE400670E90 /* AppDelegate.swift in Sources */ = {isa = PBXBuildFile; fileRef = 2C9BE46321183DE400670E90 /* AppDelegate.swift */; };
		2C9BE46621183DE400670E90 /* ViewController.swift in Sources */ = {isa = PBXBuildFile; fileRef = 2C9BE46521183DE400670E90 /* ViewController.swift */; };
		2C9BE46921183DE400670E90 /* Main.storyboard in Resources */ = {isa = PBXBuildFile; fileRef = 2C9BE46721183DE400670E90 /* Main.storyboard */; };
		2C9BE46B21183DE600670E90 /* Assets.xcassets in Resources */ = {isa = PBXBuildFile; fileRef = 2C9BE46A21183DE600670E90 /* Assets.xcassets */; };
		2C9BE46E21183DE600670E90 /* LaunchScreen.storyboard in Resources */ = {isa = PBXBuildFile; fileRef = 2C9BE46C21183DE600670E90 /* LaunchScreen.storyboard */; };
/* End PBXBuildFile section */

/* Begin PBXCopyFilesBuildPhase section */
		2C946B0421184178003A898D /* Embed Frameworks */ = {
			isa = PBXCopyFilesBuildPhase;
			buildActionMask = 2147483647;
			dstPath = "";
			dstSubfolderSpec = 10;
			files = (
			);
			name = "Embed Frameworks";
			runOnlyForDeploymentPostprocessing = 0;
		};
/* End PBXCopyFilesBuildPhase section */

/* Begin PBXFileReference section */
		0A787738217ED9D300905BF7 /* client_mpp.framework */ = {isa = PBXFileReference; lastKnownFileType = wrapper.framework; name = client_mpp.framework; path = build/bin/iosX64/main/debug/framework/client_mpp.framework; sourceTree = "<group>"; };
		2C9BE46021183DE400670E90 /* client-mpp-ios.app */ = {isa = PBXFileReference; explicitFileType = wrapper.application; includeInIndex = 0; path = "client-mpp-ios.app"; sourceTree = BUILT_PRODUCTS_DIR; };
		2C9BE46321183DE400670E90 /* AppDelegate.swift */ = {isa = PBXFileReference; lastKnownFileType = sourcecode.swift; path = AppDelegate.swift; sourceTree = "<group>"; };
		2C9BE46521183DE400670E90 /* ViewController.swift */ = {isa = PBXFileReference; lastKnownFileType = sourcecode.swift; path = ViewController.swift; sourceTree = "<group>"; };
		2C9BE46821183DE400670E90 /* Base */ = {isa = PBXFileReference; lastKnownFileType = file.storyboard; name = Base; path = Base.lproj/Main.storyboard; sourceTree = "<group>"; };
		2C9BE46A21183DE600670E90 /* Assets.xcassets */ = {isa = PBXFileReference; lastKnownFileType = folder.assetcatalog; path = Assets.xcassets; sourceTree = "<group>"; };
		2C9BE46D21183DE600670E90 /* Base */ = {isa = PBXFileReference; lastKnownFileType = file.storyboard; name = Base; path = Base.lproj/LaunchScreen.storyboard; sourceTree = "<group>"; };
		2C9BE46F21183DE600670E90 /* Info.plist */ = {isa = PBXFileReference; lastKnownFileType = text.plist.xml; path = Info.plist; sourceTree = "<group>"; };
/* End PBXFileReference section */

/* Begin PBXFrameworksBuildPhase section */
		2C9BE45D21183DE400670E90 /* Frameworks */ = {
			isa = PBXFrameworksBuildPhase;
			buildActionMask = 2147483647;
			files = (
			);
			runOnlyForDeploymentPostprocessing = 0;
		};
/* End PBXFrameworksBuildPhase section */

/* Begin PBXGroup section */
		2C9BE45721183DE400670E90 = {
			isa = PBXGroup;
			children = (
				0A787738217ED9D300905BF7 /* client_mpp.framework */,
				2C9BE46221183DE400670E90 /* client-mpp-ios */,
				2C9BE46121183DE400670E90 /* Products */,
			);
			sourceTree = "<group>";
		};
		2C9BE46121183DE400670E90 /* Products */ = {
			isa = PBXGroup;
			children = (
				2C9BE46021183DE400670E90 /* client-mpp-ios.app */,
			);
			name = Products;
			sourceTree = "<group>";
		};
		2C9BE46221183DE400670E90 /* client-mpp-ios */ = {
			isa = PBXGroup;
			children = (
				2C9BE46321183DE400670E90 /* AppDelegate.swift */,
				2C9BE46521183DE400670E90 /* ViewController.swift */,
				2C9BE46721183DE400670E90 /* Main.storyboard */,
				2C9BE46A21183DE600670E90 /* Assets.xcassets */,
				2C9BE46C21183DE600670E90 /* LaunchScreen.storyboard */,
				2C9BE46F21183DE600670E90 /* Info.plist */,
			);
			path = "client-mpp-ios";
			sourceTree = "<group>";
		};
/* End PBXGroup section */

/* Begin PBXNativeTarget section */
		2C9BE45F21183DE400670E90 /* client-mpp-ios */ = {
			isa = PBXNativeTarget;
			buildConfigurationList = 2C9BE47221183DE600670E90 /* Build configuration list for PBXNativeTarget "client-mpp-ios" */;
			buildPhases = (
				2C9BE45C21183DE400670E90 /* Sources */,
				2C9BE45D21183DE400670E90 /* Frameworks */,
				2C9BE45E21183DE400670E90 /* Resources */,
				2C946B0421184178003A898D /* Embed Frameworks */,
			);
			buildRules = (
			);
			dependencies = (
			);
			name = "client-mpp-ios";
			productName = "client-mpp-ios";
			productReference = 2C9BE46021183DE400670E90 /* client-mpp-ios.app */;
			productType = "com.apple.product-type.application";
		};
/* End PBXNativeTarget section */

/* Begin PBXProject section */
		2C9BE45821183DE400670E90 /* Project object */ = {
			isa = PBXProject;
			attributes = {
				LastSwiftUpdateCheck = 0940;
				LastUpgradeCheck = 0940;
				ORGANIZATIONNAME = ktor;
				TargetAttributes = {
					2C9BE45F21183DE400670E90 = {
						CreatedOnToolsVersion = 9.4.1;
					};
				};
			};
			buildConfigurationList = 2C9BE45B21183DE400670E90 /* Build configuration list for PBXProject "client-mpp-ios" */;
			compatibilityVersion = "Xcode 9.3";
			developmentRegion = en;
			hasScannedForEncodings = 0;
			knownRegions = (
				en,
				Base,
			);
			mainGroup = 2C9BE45721183DE400670E90;
			productRefGroup = 2C9BE46121183DE400670E90 /* Products */;
			projectDirPath = "";
			projectRoot = "";
			targets = (
				2C9BE45F21183DE400670E90 /* client-mpp-ios */,
			);
		};
/* End PBXProject section */

/* Begin PBXResourcesBuildPhase section */
		2C9BE45E21183DE400670E90 /* Resources */ = {
			isa = PBXResourcesBuildPhase;
			buildActionMask = 2147483647;
			files = (
				2C9BE46E21183DE600670E90 /* LaunchScreen.storyboard in Resources */,
				2C9BE46B21183DE600670E90 /* Assets.xcassets in Resources */,
				2C9BE46921183DE400670E90 /* Main.storyboard in Resources */,
			);
			runOnlyForDeploymentPostprocessing = 0;
		};
/* End PBXResourcesBuildPhase section */

/* Begin PBXSourcesBuildPhase section */
		2C9BE45C21183DE400670E90 /* Sources */ = {
			isa = PBXSourcesBuildPhase;
			buildActionMask = 2147483647;
			files = (
				2C9BE46621183DE400670E90 /* ViewController.swift in Sources */,
				2C9BE46421183DE400670E90 /* AppDelegate.swift in Sources */,
			);
			runOnlyForDeploymentPostprocessing = 0;
		};
/* End PBXSourcesBuildPhase section */

/* Begin PBXVariantGroup section */
		2C9BE46721183DE400670E90 /* Main.storyboard */ = {
			isa = PBXVariantGroup;
			children = (
				2C9BE46821183DE400670E90 /* Base */,
			);
			name = Main.storyboard;
			sourceTree = "<group>";
		};
		2C9BE46C21183DE600670E90 /* LaunchScreen.storyboard */ = {
			isa = PBXVariantGroup;
			children = (
				2C9BE46D21183DE600670E90 /* Base */,
			);
			name = LaunchScreen.storyboard;
			sourceTree = "<group>";
		};
/* End PBXVariantGroup section */

/* Begin XCBuildConfiguration section */
		2C9BE47021183DE600670E90 /* Debug */ = {
			isa = XCBuildConfiguration;
			buildSettings = {
				ALWAYS_SEARCH_USER_PATHS = NO;
				CLANG_ANALYZER_NONNULL = YES;
				CLANG_ANALYZER_NUMBER_OBJECT_CONVERSION = YES_AGGRESSIVE;
				CLANG_CXX_LANGUAGE_STANDARD = "gnu++14";
				CLANG_CXX_LIBRARY = "libc++";
				CLANG_ENABLE_MODULES = YES;
				CLANG_ENABLE_OBJC_ARC = YES;
				CLANG_ENABLE_OBJC_WEAK = YES;
				CLANG_WARN_BLOCK_CAPTURE_AUTORELEASING = YES;
				CLANG_WARN_BOOL_CONVERSION = YES;
				CLANG_WARN_COMMA = YES;
				CLANG_WARN_CONSTANT_CONVERSION = YES;
				CLANG_WARN_DEPRECATED_OBJC_IMPLEMENTATIONS = YES;
				CLANG_WARN_DIRECT_OBJC_ISA_USAGE = YES_ERROR;
				CLANG_WARN_DOCUMENTATION_COMMENTS = YES;
				CLANG_WARN_EMPTY_BODY = YES;
				CLANG_WARN_ENUM_CONVERSION = YES;
				CLANG_WARN_INFINITE_RECURSION = YES;
				CLANG_WARN_INT_CONVERSION = YES;
				CLANG_WARN_NON_LITERAL_NULL_CONVERSION = YES;
				CLANG_WARN_OBJC_IMPLICIT_RETAIN_SELF = YES;
				CLANG_WARN_OBJC_LITERAL_CONVERSION = YES;
				CLANG_WARN_OBJC_ROOT_CLASS = YES_ERROR;
				CLANG_WARN_RANGE_LOOP_ANALYSIS = YES;
				CLANG_WARN_STRICT_PROTOTYPES = YES;
				CLANG_WARN_SUSPICIOUS_MOVE = YES;
				CLANG_WARN_UNGUARDED_AVAILABILITY = YES_AGGRESSIVE;
				CLANG_WARN_UNREACHABLE_CODE = YES;
				CLANG_WARN__DUPLICATE_METHOD_MATCH = YES;
				CODE_SIGN_IDENTITY = "iPhone Developer";
				COPY_PHASE_STRIP = NO;
				DEBUG_INFORMATION_FORMAT = dwarf;
				ENABLE_STRICT_OBJC_MSGSEND = YES;
				ENABLE_TESTABILITY = YES;
				GCC_C_LANGUAGE_STANDARD = gnu11;
				GCC_DYNAMIC_NO_PIC = NO;
				GCC_NO_COMMON_BLOCKS = YES;
				GCC_OPTIMIZATION_LEVEL = 0;
				GCC_PREPROCESSOR_DEFINITIONS = (
					"DEBUG=1",
					"$(inherited)",
				);
				GCC_WARN_64_TO_32_BIT_CONVERSION = YES;
				GCC_WARN_ABOUT_RETURN_TYPE = YES_ERROR;
				GCC_WARN_UNDECLARED_SELECTOR = YES;
				GCC_WARN_UNINITIALIZED_AUTOS = YES_AGGRESSIVE;
				GCC_WARN_UNUSED_FUNCTION = YES;
				GCC_WARN_UNUSED_VARIABLE = YES;
				IPHONEOS_DEPLOYMENT_TARGET = 11.4;
				MTL_ENABLE_DEBUG_INFO = YES;
				ONLY_ACTIVE_ARCH = YES;
				SDKROOT = iphoneos;
				SWIFT_ACTIVE_COMPILATION_CONDITIONS = DEBUG;
				SWIFT_OPTIMIZATION_LEVEL = "-Onone";
			};
			name = Debug;
		};
		2C9BE47121183DE600670E90 /* Release */ = {
			isa = XCBuildConfiguration;
			buildSettings = {
				ALWAYS_SEARCH_USER_PATHS = NO;
				CLANG_ANALYZER_NONNULL = YES;
				CLANG_ANALYZER_NUMBER_OBJECT_CONVERSION = YES_AGGRESSIVE;
				CLANG_CXX_LANGUAGE_STANDARD = "gnu++14";
				CLANG_CXX_LIBRARY = "libc++";
				CLANG_ENABLE_MODULES = YES;
				CLANG_ENABLE_OBJC_ARC = YES;
				CLANG_ENABLE_OBJC_WEAK = YES;
				CLANG_WARN_BLOCK_CAPTURE_AUTORELEASING = YES;
				CLANG_WARN_BOOL_CONVERSION = YES;
				CLANG_WARN_COMMA = YES;
				CLANG_WARN_CONSTANT_CONVERSION = YES;
				CLANG_WARN_DEPRECATED_OBJC_IMPLEMENTATIONS = YES;
				CLANG_WARN_DIRECT_OBJC_ISA_USAGE = YES_ERROR;
				CLANG_WARN_DOCUMENTATION_COMMENTS = YES;
				CLANG_WARN_EMPTY_BODY = YES;
				CLANG_WARN_ENUM_CONVERSION = YES;
				CLANG_WARN_INFINITE_RECURSION = YES;
				CLANG_WARN_INT_CONVERSION = YES;
				CLANG_WARN_NON_LITERAL_NULL_CONVERSION = YES;
				CLANG_WARN_OBJC_IMPLICIT_RETAIN_SELF = YES;
				CLANG_WARN_OBJC_LITERAL_CONVERSION = YES;
				CLANG_WARN_OBJC_ROOT_CLASS = YES_ERROR;
				CLANG_WARN_RANGE_LOOP_ANALYSIS = YES;
				CLANG_WARN_STRICT_PROTOTYPES = YES;
				CLANG_WARN_SUSPICIOUS_MOVE = YES;
				CLANG_WARN_UNGUARDED_AVAILABILITY = YES_AGGRESSIVE;
				CLANG_WARN_UNREACHABLE_CODE = YES;
				CLANG_WARN__DUPLICATE_METHOD_MATCH = YES;
				CODE_SIGN_IDENTITY = "iPhone Developer";
				COPY_PHASE_STRIP = NO;
				DEBUG_INFORMATION_FORMAT = "dwarf-with-dsym";
				ENABLE_NS_ASSERTIONS = NO;
				ENABLE_STRICT_OBJC_MSGSEND = YES;
				GCC_C_LANGUAGE_STANDARD = gnu11;
				GCC_NO_COMMON_BLOCKS = YES;
				GCC_WARN_64_TO_32_BIT_CONVERSION = YES;
				GCC_WARN_ABOUT_RETURN_TYPE = YES_ERROR;
				GCC_WARN_UNDECLARED_SELECTOR = YES;
				GCC_WARN_UNINITIALIZED_AUTOS = YES_AGGRESSIVE;
				GCC_WARN_UNUSED_FUNCTION = YES;
				GCC_WARN_UNUSED_VARIABLE = YES;
				IPHONEOS_DEPLOYMENT_TARGET = 11.4;
				MTL_ENABLE_DEBUG_INFO = NO;
				SDKROOT = iphoneos;
				SWIFT_COMPILATION_MODE = wholemodule;
				SWIFT_OPTIMIZATION_LEVEL = "-O";
				VALIDATE_PRODUCT = YES;
			};
			name = Release;
		};
		2C9BE47321183DE600670E90 /* Debug */ = {
			isa = XCBuildConfiguration;
			buildSettings = {
				ASSETCATALOG_COMPILER_APPICON_NAME = AppIcon;
				CODE_SIGN_STYLE = Automatic;
				FRAMEWORK_SEARCH_PATHS = (
					"$(inherited)",
					"$(PROJECT_DIR)/build/bin/iosX64/main/debug/framework",
					"$(PROJECT_DIR)/build/bin/iosArm64/main/debug/framework",
				);
				INFOPLIST_FILE = "client-mpp-ios/Info.plist";
				LD_RUNPATH_SEARCH_PATHS = (
					"$(inherited)",
					"@executable_path/Frameworks",
					"$(PROJECT_DIR)/build/bin/iosX64/main/debug/framework",
					"$(PROJECT_DIR)/build/bin/iosArm64/main/debug/framework",
				);
				PRODUCT_BUNDLE_IDENTIFIER = "io.ktor.samples.mpp.client-mpp-ios";
				PRODUCT_NAME = "$(TARGET_NAME)";
				SWIFT_VERSION = 4.0;
				TARGETED_DEVICE_FAMILY = "1,2";
			};
			name = Debug;
		};
		2C9BE47421183DE600670E90 /* Release */ = {
			isa = XCBuildConfiguration;
			buildSettings = {
				ASSETCATALOG_COMPILER_APPICON_NAME = AppIcon;
				CODE_SIGN_STYLE = Automatic;
				FRAMEWORK_SEARCH_PATHS = (
					"$(inherited)",
					"$(PROJECT_DIR)/build/bin/iosX64/main/debug/framework",
					"$(PROJECT_DIR)/build/bin/iosArm64/main/debug/framework",
				);
				INFOPLIST_FILE = "client-mpp-ios/Info.plist";
				LD_RUNPATH_SEARCH_PATHS = (
					"$(inherited)",
					"@executable_path/Frameworks",
					"$(PROJECT_DIR)/build/bin/iosX64/main/debug/framework",
					"$(PROJECT_DIR)/build/bin/iosArm64/main/debug/framework",
				);
				PRODUCT_BUNDLE_IDENTIFIER = "io.ktor.samples.mpp.client-mpp-ios";
				PRODUCT_NAME = "$(TARGET_NAME)";
				SWIFT_VERSION = 4.0;
				TARGETED_DEVICE_FAMILY = "1,2";
			};
			name = Release;
		};
/* End XCBuildConfiguration section */

/* Begin XCConfigurationList section */
		2C9BE45B21183DE400670E90 /* Build configuration list for PBXProject "client-mpp-ios" */ = {
			isa = XCConfigurationList;
			buildConfigurations = (
				2C9BE47021183DE600670E90 /* Debug */,
				2C9BE47121183DE600670E90 /* Release */,
			);
			defaultConfigurationIsVisible = 0;
			defaultConfigurationName = Release;
		};
		2C9BE47221183DE600670E90 /* Build configuration list for PBXNativeTarget "client-mpp-ios" */ = {
			isa = XCConfigurationList;
			buildConfigurations = (
				2C9BE47321183DE600670E90 /* Debug */,
				2C9BE47421183DE600670E90 /* Release */,
			);
			defaultConfigurationIsVisible = 0;
			defaultConfigurationName = Release;
		};
/* End XCConfigurationList section */
	};
	rootObject = 2C9BE45821183DE400670E90 /* Project object */;
}
